// !$*UTF8*$!
{
	archiveVersion = 1;
	classes = {
	};
	objectVersion = 46;
	objects = {

/* Begin PBXBuildFile section */
		1653B61319FCCACD00B85E4F /* ToDoEditorProgressTableViewCell.xib in Resources */ = {isa = PBXBuildFile; fileRef = 1653B61219FCCACD00B85E4F /* ToDoEditorProgressTableViewCell.xib */; };
		1653B61619FCCDAC00B85E4F /* ToDoEditorDueDateTableViewCell.swift in Sources */ = {isa = PBXBuildFile; fileRef = 1653B61419FCCDAB00B85E4F /* ToDoEditorDueDateTableViewCell.swift */; };
		1653B61719FCCDAC00B85E4F /* ToDoEditorDueDateTableViewCell.xib in Resources */ = {isa = PBXBuildFile; fileRef = 1653B61519FCCDAB00B85E4F /* ToDoEditorDueDateTableViewCell.xib */; };
		1653B61E19FD09A100B85E4F /* CommonsContainerViewController.swift in Sources */ = {isa = PBXBuildFile; fileRef = 1653B61D19FD09A100B85E4F /* CommonsContainerViewController.swift */; };
		1653B62019FD0A4800B85E4F /* CommonDatePickerViewController.swift in Sources */ = {isa = PBXBuildFile; fileRef = 1653B61F19FD0A4800B85E4F /* CommonDatePickerViewController.swift */; };
		1653B62219FD0C8600B85E4F /* CommonTextViewController.swift in Sources */ = {isa = PBXBuildFile; fileRef = 1653B62119FD0C8600B85E4F /* CommonTextViewController.swift */; };
		1653B62519FD0CCF00B85E4F /* CommonViewControllers.storyboard in Resources */ = {isa = PBXBuildFile; fileRef = 1653B62319FD0CCF00B85E4F /* CommonViewControllers.storyboard */; };
		1653B62619FD0CCF00B85E4F /* CommonViews.xib in Resources */ = {isa = PBXBuildFile; fileRef = 1653B62419FD0CCF00B85E4F /* CommonViews.xib */; };
		1653B62819FD285B00B85E4F /* CommonDatePickerViewController.xib in Resources */ = {isa = PBXBuildFile; fileRef = 1653B62719FD285B00B85E4F /* CommonDatePickerViewController.xib */; };
		168ABD9719C6C98C0076E103 /* AppDelegate.swift in Sources */ = {isa = PBXBuildFile; fileRef = 168ABD9619C6C98C0076E103 /* AppDelegate.swift */; };
		168ABD9A19C6C98C0076E103 /* SmartToDo.xcdatamodeld in Sources */ = {isa = PBXBuildFile; fileRef = 168ABD9819C6C98C0076E103 /* SmartToDo.xcdatamodeld */; };
		168ABD9F19C6C98C0076E103 /* Main.storyboard in Resources */ = {isa = PBXBuildFile; fileRef = 168ABD9D19C6C98C0076E103 /* Main.storyboard */; };
		168ABDA119C6C98C0076E103 /* Images.xcassets in Resources */ = {isa = PBXBuildFile; fileRef = 168ABDA019C6C98C0076E103 /* Images.xcassets */; };
		168ABDAD19C6C98C0076E103 /* SmartToDoTests.swift in Sources */ = {isa = PBXBuildFile; fileRef = 168ABDAC19C6C98C0076E103 /* SmartToDoTests.swift */; };
		168ABDB819C6CC4F0076E103 /* TaskListTableViewController.swift in Sources */ = {isa = PBXBuildFile; fileRef = 168ABDB719C6CC4F0076E103 /* TaskListTableViewController.swift */; };
		168ABDBA19C6CC7A0076E103 /* ListOfTaskListsTableViewController.swift in Sources */ = {isa = PBXBuildFile; fileRef = 168ABDB919C6CC7A0076E103 /* ListOfTaskListsTableViewController.swift */; };
		168ABDBC19C6CD300076E103 /* ToDoEditorViewController.swift in Sources */ = {isa = PBXBuildFile; fileRef = 168ABDBB19C6CD300076E103 /* ToDoEditorViewController.swift */; };
		168ABDC019C6E2990076E103 /* TaskListTableViewCell.xib in Resources */ = {isa = PBXBuildFile; fileRef = 168ABDBF19C6E2990076E103 /* TaskListTableViewCell.xib */; };
		16ABCA8119F546D700394B17 /* TaskStoreService.swift in Sources */ = {isa = PBXBuildFile; fileRef = 16ABCA8019F546D700394B17 /* TaskStoreService.swift */; };
		16ABCA8519F6828700394B17 /* ToDoTaskEntity.swift in Sources */ = {isa = PBXBuildFile; fileRef = 16ABCA8419F6828700394B17 /* ToDoTaskEntity.swift */; };
		16ABCA8719F699CD00394B17 /* StubTaskStoreService.swift in Sources */ = {isa = PBXBuildFile; fileRef = 16ABCA8619F699CD00394B17 /* StubTaskStoreService.swift */; };
		16ABCA8919FC811600394B17 /* ToDoEditorV1ViewController.swift in Sources */ = {isa = PBXBuildFile; fileRef = 16ABCA8819FC811600394B17 /* ToDoEditorV1ViewController.swift */; };
		16ABCB4419FCBD9900394B17 /* ToDoEditorBaseTableViewCell.swift in Sources */ = {isa = PBXBuildFile; fileRef = 16ABCB4019FCBD9900394B17 /* ToDoEditorBaseTableViewCell.swift */; };
		16ABCB4519FCBD9900394B17 /* ToDoEditorProgressTableViewCell.swift in Sources */ = {isa = PBXBuildFile; fileRef = 16ABCB4119FCBD9900394B17 /* ToDoEditorProgressTableViewCell.swift */; };
		16ABCB4619FCBD9900394B17 /* ToDoEditorTitleTableViewCell.xib in Resources */ = {isa = PBXBuildFile; fileRef = 16ABCB4219FCBD9900394B17 /* ToDoEditorTitleTableViewCell.xib */; };
		16ABCB4719FCBD9900394B17 /* ToDoEditorTitleTableViewCell.swift in Sources */ = {isa = PBXBuildFile; fileRef = 16ABCB4319FCBD9900394B17 /* ToDoEditorTitleTableViewCell.swift */; };
		16B127E219E8CA7F008205C6 /* TaskListTableViewCell.swift in Sources */ = {isa = PBXBuildFile; fileRef = 16B127E119E8CA7F008205C6 /* TaskListTableViewCell.swift */; };
		16C4A5C71A048754007DF790 /* CommonTextViewController.xib in Resources */ = {isa = PBXBuildFile; fileRef = 16C4A5C61A048754007DF790 /* CommonTextViewController.xib */; };
		16C4A5CA1A05D952007DF790 /* ToDoEditorCompletionDateTableViewCell.swift in Sources */ = {isa = PBXBuildFile; fileRef = 16C4A5C81A05D952007DF790 /* ToDoEditorCompletionDateTableViewCell.swift */; };
		16C4A5CB1A05D952007DF790 /* ToDoEditorCompletionDateTableViewCell.xib in Resources */ = {isa = PBXBuildFile; fileRef = 16C4A5C91A05D952007DF790 /* ToDoEditorCompletionDateTableViewCell.xib */; };
		16C4A5CD1A05DF0D007DF790 /* ToDoEditorDateBaseTableViewCell.swift in Sources */ = {isa = PBXBuildFile; fileRef = 16C4A5CC1A05DF0D007DF790 /* ToDoEditorDateBaseTableViewCell.swift */; };
/* End PBXBuildFile section */

/* Begin PBXContainerItemProxy section */
		168ABDA719C6C98C0076E103 /* PBXContainerItemProxy */ = {
			isa = PBXContainerItemProxy;
			containerPortal = 168ABD8919C6C98C0076E103 /* Project object */;
			proxyType = 1;
			remoteGlobalIDString = 168ABD9019C6C98C0076E103;
			remoteInfo = SmartToDo;
		};
/* End PBXContainerItemProxy section */

/* Begin PBXFileReference section */
		1653B61219FCCACD00B85E4F /* ToDoEditorProgressTableViewCell.xib */ = {isa = PBXFileReference; fileEncoding = 4; lastKnownFileType = file.xib; path = ToDoEditorProgressTableViewCell.xib; sourceTree = "<group>"; };
		1653B61419FCCDAB00B85E4F /* ToDoEditorDueDateTableViewCell.swift */ = {isa = PBXFileReference; fileEncoding = 4; lastKnownFileType = sourcecode.swift; path = ToDoEditorDueDateTableViewCell.swift; sourceTree = "<group>"; };
		1653B61519FCCDAB00B85E4F /* ToDoEditorDueDateTableViewCell.xib */ = {isa = PBXFileReference; fileEncoding = 4; lastKnownFileType = file.xib; path = ToDoEditorDueDateTableViewCell.xib; sourceTree = "<group>"; };
		1653B61D19FD09A100B85E4F /* CommonsContainerViewController.swift */ = {isa = PBXFileReference; fileEncoding = 4; lastKnownFileType = sourcecode.swift; name = CommonsContainerViewController.swift; path = Commons/CommonsContainerViewController.swift; sourceTree = "<group>"; };
		1653B61F19FD0A4800B85E4F /* CommonDatePickerViewController.swift */ = {isa = PBXFileReference; fileEncoding = 4; lastKnownFileType = sourcecode.swift; name = CommonDatePickerViewController.swift; path = Commons/CommonDatePickerViewController.swift; sourceTree = "<group>"; };
		1653B62119FD0C8600B85E4F /* CommonTextViewController.swift */ = {isa = PBXFileReference; fileEncoding = 4; lastKnownFileType = sourcecode.swift; name = CommonTextViewController.swift; path = Commons/CommonTextViewController.swift; sourceTree = "<group>"; };
		1653B62319FD0CCF00B85E4F /* CommonViewControllers.storyboard */ = {isa = PBXFileReference; fileEncoding = 4; lastKnownFileType = file.storyboard; name = CommonViewControllers.storyboard; path = Commons/CommonViewControllers.storyboard; sourceTree = "<group>"; };
		1653B62419FD0CCF00B85E4F /* CommonViews.xib */ = {isa = PBXFileReference; fileEncoding = 4; lastKnownFileType = file.xib; name = CommonViews.xib; path = Commons/CommonViews.xib; sourceTree = "<group>"; };
		1653B62719FD285B00B85E4F /* CommonDatePickerViewController.xib */ = {isa = PBXFileReference; fileEncoding = 4; lastKnownFileType = file.xib; name = CommonDatePickerViewController.xib; path = Commons/CommonDatePickerViewController.xib; sourceTree = "<group>"; };
		168ABD9119C6C98C0076E103 /* SmartToDo.app */ = {isa = PBXFileReference; explicitFileType = wrapper.application; includeInIndex = 0; path = SmartToDo.app; sourceTree = BUILT_PRODUCTS_DIR; };
		168ABD9519C6C98C0076E103 /* Info.plist */ = {isa = PBXFileReference; lastKnownFileType = text.plist.xml; path = Info.plist; sourceTree = "<group>"; };
		168ABD9619C6C98C0076E103 /* AppDelegate.swift */ = {isa = PBXFileReference; lastKnownFileType = sourcecode.swift; path = AppDelegate.swift; sourceTree = "<group>"; };
		168ABD9919C6C98C0076E103 /* SmartToDo.xcdatamodel */ = {isa = PBXFileReference; lastKnownFileType = wrapper.xcdatamodel; path = SmartToDo.xcdatamodel; sourceTree = "<group>"; };
		168ABD9E19C6C98C0076E103 /* Base */ = {isa = PBXFileReference; lastKnownFileType = file.storyboard; name = Base; path = Base.lproj/Main.storyboard; sourceTree = "<group>"; };
		168ABDA019C6C98C0076E103 /* Images.xcassets */ = {isa = PBXFileReference; lastKnownFileType = folder.assetcatalog; path = Images.xcassets; sourceTree = "<group>"; };
		168ABDA619C6C98C0076E103 /* SmartToDoTests.xctest */ = {isa = PBXFileReference; explicitFileType = wrapper.cfbundle; includeInIndex = 0; path = SmartToDoTests.xctest; sourceTree = BUILT_PRODUCTS_DIR; };
		168ABDAB19C6C98C0076E103 /* Info.plist */ = {isa = PBXFileReference; lastKnownFileType = text.plist.xml; path = Info.plist; sourceTree = "<group>"; };
		168ABDAC19C6C98C0076E103 /* SmartToDoTests.swift */ = {isa = PBXFileReference; lastKnownFileType = sourcecode.swift; path = SmartToDoTests.swift; sourceTree = "<group>"; };
		168ABDB719C6CC4F0076E103 /* TaskListTableViewController.swift */ = {isa = PBXFileReference; fileEncoding = 4; lastKnownFileType = sourcecode.swift; path = TaskListTableViewController.swift; sourceTree = "<group>"; };
		168ABDB919C6CC7A0076E103 /* ListOfTaskListsTableViewController.swift */ = {isa = PBXFileReference; fileEncoding = 4; lastKnownFileType = sourcecode.swift; path = ListOfTaskListsTableViewController.swift; sourceTree = "<group>"; };
		168ABDBB19C6CD300076E103 /* ToDoEditorViewController.swift */ = {isa = PBXFileReference; fileEncoding = 4; lastKnownFileType = sourcecode.swift; path = ToDoEditorViewController.swift; sourceTree = "<group>"; };
		168ABDBF19C6E2990076E103 /* TaskListTableViewCell.xib */ = {isa = PBXFileReference; fileEncoding = 4; lastKnownFileType = file.xib; path = TaskListTableViewCell.xib; sourceTree = "<group>"; };
		16ABCA8019F546D700394B17 /* TaskStoreService.swift */ = {isa = PBXFileReference; fileEncoding = 4; lastKnownFileType = sourcecode.swift; path = TaskStoreService.swift; sourceTree = "<group>"; };
		16ABCA8419F6828700394B17 /* ToDoTaskEntity.swift */ = {isa = PBXFileReference; fileEncoding = 4; lastKnownFileType = sourcecode.swift; path = ToDoTaskEntity.swift; sourceTree = "<group>"; };
		16ABCA8619F699CD00394B17 /* StubTaskStoreService.swift */ = {isa = PBXFileReference; fileEncoding = 4; lastKnownFileType = sourcecode.swift; path = StubTaskStoreService.swift; sourceTree = "<group>"; };
		16ABCA8819FC811600394B17 /* ToDoEditorV1ViewController.swift */ = {isa = PBXFileReference; fileEncoding = 4; lastKnownFileType = sourcecode.swift; path = ToDoEditorV1ViewController.swift; sourceTree = "<group>"; };
		16ABCB4019FCBD9900394B17 /* ToDoEditorBaseTableViewCell.swift */ = {isa = PBXFileReference; fileEncoding = 4; lastKnownFileType = sourcecode.swift; path = ToDoEditorBaseTableViewCell.swift; sourceTree = "<group>"; };
		16ABCB4119FCBD9900394B17 /* ToDoEditorProgressTableViewCell.swift */ = {isa = PBXFileReference; fileEncoding = 4; lastKnownFileType = sourcecode.swift; path = ToDoEditorProgressTableViewCell.swift; sourceTree = "<group>"; };
		16ABCB4219FCBD9900394B17 /* ToDoEditorTitleTableViewCell.xib */ = {isa = PBXFileReference; fileEncoding = 4; lastKnownFileType = file.xib; path = ToDoEditorTitleTableViewCell.xib; sourceTree = "<group>"; };
		16ABCB4319FCBD9900394B17 /* ToDoEditorTitleTableViewCell.swift */ = {isa = PBXFileReference; fileEncoding = 4; lastKnownFileType = sourcecode.swift; path = ToDoEditorTitleTableViewCell.swift; sourceTree = "<group>"; };
		16B127E119E8CA7F008205C6 /* TaskListTableViewCell.swift */ = {isa = PBXFileReference; fileEncoding = 4; lastKnownFileType = sourcecode.swift; path = TaskListTableViewCell.swift; sourceTree = "<group>"; };
		16C4A5C61A048754007DF790 /* CommonTextViewController.xib */ = {isa = PBXFileReference; fileEncoding = 4; lastKnownFileType = file.xib; name = CommonTextViewController.xib; path = Commons/CommonTextViewController.xib; sourceTree = "<group>"; };
		16C4A5C81A05D952007DF790 /* ToDoEditorCompletionDateTableViewCell.swift */ = {isa = PBXFileReference; fileEncoding = 4; lastKnownFileType = sourcecode.swift; path = ToDoEditorCompletionDateTableViewCell.swift; sourceTree = "<group>"; };
		16C4A5C91A05D952007DF790 /* ToDoEditorCompletionDateTableViewCell.xib */ = {isa = PBXFileReference; fileEncoding = 4; lastKnownFileType = file.xib; path = ToDoEditorCompletionDateTableViewCell.xib; sourceTree = "<group>"; };
		16C4A5CC1A05DF0D007DF790 /* ToDoEditorDateBaseTableViewCell.swift */ = {isa = PBXFileReference; fileEncoding = 4; lastKnownFileType = sourcecode.swift; path = ToDoEditorDateBaseTableViewCell.swift; sourceTree = "<group>"; };
/* End PBXFileReference section */

/* Begin PBXFrameworksBuildPhase section */
		168ABD8E19C6C98C0076E103 /* Frameworks */ = {
			isa = PBXFrameworksBuildPhase;
			buildActionMask = 2147483647;
			files = (
			);
			runOnlyForDeploymentPostprocessing = 0;
		};
		168ABDA319C6C98C0076E103 /* Frameworks */ = {
			isa = PBXFrameworksBuildPhase;
			buildActionMask = 2147483647;
			files = (
			);
			runOnlyForDeploymentPostprocessing = 0;
		};
/* End PBXFrameworksBuildPhase section */

/* Begin PBXGroup section */
		1653B61819FCD19700B85E4F /* Commons */ = {
			isa = PBXGroup;
			children = (
				1653B62319FD0CCF00B85E4F /* CommonViewControllers.storyboard */,
				1653B62419FD0CCF00B85E4F /* CommonViews.xib */,
				1653B61D19FD09A100B85E4F /* CommonsContainerViewController.swift */,
				1653B61F19FD0A4800B85E4F /* CommonDatePickerViewController.swift */,
				1653B62719FD285B00B85E4F /* CommonDatePickerViewController.xib */,
				1653B62119FD0C8600B85E4F /* CommonTextViewController.swift */,
				16C4A5C61A048754007DF790 /* CommonTextViewController.xib */,
			);
			name = Commons;
			sourceTree = "<group>";
		};
		168ABD8819C6C98C0076E103 = {
			isa = PBXGroup;
			children = (
				168ABD9319C6C98C0076E103 /* SmartToDo */,
				168ABDA919C6C98C0076E103 /* SmartToDoTests */,
				168ABD9219C6C98C0076E103 /* Products */,
			);
			sourceTree = "<group>";
		};
		168ABD9219C6C98C0076E103 /* Products */ = {
			isa = PBXGroup;
			children = (
				168ABD9119C6C98C0076E103 /* SmartToDo.app */,
				168ABDA619C6C98C0076E103 /* SmartToDoTests.xctest */,
			);
			name = Products;
			sourceTree = "<group>";
		};
		168ABD9319C6C98C0076E103 /* SmartToDo */ = {
			isa = PBXGroup;
			children = (
				16ABCA8219F67F9D00394B17 /* Entities */,
				16ABCA7F19F5463300394B17 /* Services */,
				168ABDB619C6CAFA0076E103 /* Views */,
				168ABD9619C6C98C0076E103 /* AppDelegate.swift */,
				168ABD9D19C6C98C0076E103 /* Main.storyboard */,
				168ABDA019C6C98C0076E103 /* Images.xcassets */,
				168ABD9819C6C98C0076E103 /* SmartToDo.xcdatamodeld */,
				168ABD9419C6C98C0076E103 /* Supporting Files */,
			);
			path = SmartToDo;
			sourceTree = "<group>";
		};
		168ABD9419C6C98C0076E103 /* Supporting Files */ = {
			isa = PBXGroup;
			children = (
				168ABD9519C6C98C0076E103 /* Info.plist */,
			);
			name = "Supporting Files";
			sourceTree = "<group>";
		};
		168ABDA919C6C98C0076E103 /* SmartToDoTests */ = {
			isa = PBXGroup;
			children = (
				168ABDAC19C6C98C0076E103 /* SmartToDoTests.swift */,
				168ABDAA19C6C98C0076E103 /* Supporting Files */,
			);
			path = SmartToDoTests;
			sourceTree = "<group>";
		};
		168ABDAA19C6C98C0076E103 /* Supporting Files */ = {
			isa = PBXGroup;
			children = (
				168ABDAB19C6C98C0076E103 /* Info.plist */,
			);
			name = "Supporting Files";
			sourceTree = "<group>";
		};
		168ABDB619C6CAFA0076E103 /* Views */ = {
			isa = PBXGroup;
			children = (
				1653B61819FCD19700B85E4F /* Commons */,
				16ABCB3F19FCBD6600394B17 /* Cells */,
				168ABDB719C6CC4F0076E103 /* TaskListTableViewController.swift */,
				168ABDB919C6CC7A0076E103 /* ListOfTaskListsTableViewController.swift */,
				168ABDBB19C6CD300076E103 /* ToDoEditorViewController.swift */,
				168ABDBF19C6E2990076E103 /* TaskListTableViewCell.xib */,
				16B127E119E8CA7F008205C6 /* TaskListTableViewCell.swift */,
				16ABCA8819FC811600394B17 /* ToDoEditorV1ViewController.swift */,
			);
			path = Views;
			sourceTree = "<group>";
		};
		16ABCA7F19F5463300394B17 /* Services */ = {
			isa = PBXGroup;
			children = (
				16ABCA8019F546D700394B17 /* TaskStoreService.swift */,
				16ABCA8619F699CD00394B17 /* StubTaskStoreService.swift */,
			);
			path = Services;
			sourceTree = "<group>";
		};
		16ABCA8219F67F9D00394B17 /* Entities */ = {
			isa = PBXGroup;
			children = (
				16ABCA8319F6825A00394B17 /* V1 */,
			);
			path = Entities;
			sourceTree = "<group>";
		};
		16ABCA8319F6825A00394B17 /* V1 */ = {
			isa = PBXGroup;
			children = (
				16ABCA8419F6828700394B17 /* ToDoTaskEntity.swift */,
			);
			path = V1;
			sourceTree = "<group>";
		};
		16ABCB3F19FCBD6600394B17 /* Cells */ = {
			isa = PBXGroup;
			children = (
				16ABCB4019FCBD9900394B17 /* ToDoEditorBaseTableViewCell.swift */,
				16C4A5CC1A05DF0D007DF790 /* ToDoEditorDateBaseTableViewCell.swift */,
				16ABCB4319FCBD9900394B17 /* ToDoEditorTitleTableViewCell.swift */,
				16ABCB4219FCBD9900394B17 /* ToDoEditorTitleTableViewCell.xib */,
				16ABCB4119FCBD9900394B17 /* ToDoEditorProgressTableViewCell.swift */,
				1653B61219FCCACD00B85E4F /* ToDoEditorProgressTableViewCell.xib */,
				1653B61419FCCDAB00B85E4F /* ToDoEditorDueDateTableViewCell.swift */,
				1653B61519FCCDAB00B85E4F /* ToDoEditorDueDateTableViewCell.xib */,
				16C4A5C81A05D952007DF790 /* ToDoEditorCompletionDateTableViewCell.swift */,
				16C4A5C91A05D952007DF790 /* ToDoEditorCompletionDateTableViewCell.xib */,
			);
			path = Cells;
			sourceTree = "<group>";
		};
/* End PBXGroup section */

/* Begin PBXNativeTarget section */
		168ABD9019C6C98C0076E103 /* SmartToDo */ = {
			isa = PBXNativeTarget;
			buildConfigurationList = 168ABDB019C6C98C0076E103 /* Build configuration list for PBXNativeTarget "SmartToDo" */;
			buildPhases = (
				168ABD8D19C6C98C0076E103 /* Sources */,
				168ABD8E19C6C98C0076E103 /* Frameworks */,
				168ABD8F19C6C98C0076E103 /* Resources */,
			);
			buildRules = (
			);
			dependencies = (
			);
			name = SmartToDo;
			productName = SmartToDo;
			productReference = 168ABD9119C6C98C0076E103 /* SmartToDo.app */;
			productType = "com.apple.product-type.application";
		};
		168ABDA519C6C98C0076E103 /* SmartToDoTests */ = {
			isa = PBXNativeTarget;
			buildConfigurationList = 168ABDB319C6C98C0076E103 /* Build configuration list for PBXNativeTarget "SmartToDoTests" */;
			buildPhases = (
				168ABDA219C6C98C0076E103 /* Sources */,
				168ABDA319C6C98C0076E103 /* Frameworks */,
				168ABDA419C6C98C0076E103 /* Resources */,
			);
			buildRules = (
			);
			dependencies = (
				168ABDA819C6C98C0076E103 /* PBXTargetDependency */,
			);
			name = SmartToDoTests;
			productName = SmartToDoTests;
			productReference = 168ABDA619C6C98C0076E103 /* SmartToDoTests.xctest */;
			productType = "com.apple.product-type.bundle.unit-test";
		};
/* End PBXNativeTarget section */

/* Begin PBXProject section */
		168ABD8919C6C98C0076E103 /* Project object */ = {
			isa = PBXProject;
			attributes = {
				LastUpgradeCheck = 0600;
				ORGANIZATIONNAME = ti;
				TargetAttributes = {
					168ABD9019C6C98C0076E103 = {
						CreatedOnToolsVersion = 6.0;
					};
					168ABDA519C6C98C0076E103 = {
						CreatedOnToolsVersion = 6.0;
						TestTargetID = 168ABD9019C6C98C0076E103;
					};
				};
			};
			buildConfigurationList = 168ABD8C19C6C98C0076E103 /* Build configuration list for PBXProject "SmartToDo" */;
			compatibilityVersion = "Xcode 3.2";
			developmentRegion = English;
			hasScannedForEncodings = 0;
			knownRegions = (
				en,
				Base,
			);
			mainGroup = 168ABD8819C6C98C0076E103;
			productRefGroup = 168ABD9219C6C98C0076E103 /* Products */;
			projectDirPath = "";
			projectRoot = "";
			targets = (
				168ABD9019C6C98C0076E103 /* SmartToDo */,
				168ABDA519C6C98C0076E103 /* SmartToDoTests */,
			);
		};
/* End PBXProject section */

/* Begin PBXResourcesBuildPhase section */
		168ABD8F19C6C98C0076E103 /* Resources */ = {
			isa = PBXResourcesBuildPhase;
			buildActionMask = 2147483647;
			files = (
				16ABCB4619FCBD9900394B17 /* ToDoEditorTitleTableViewCell.xib in Resources */,
				1653B61719FCCDAC00B85E4F /* ToDoEditorDueDateTableViewCell.xib in Resources */,
				16C4A5C71A048754007DF790 /* CommonTextViewController.xib in Resources */,
				168ABD9F19C6C98C0076E103 /* Main.storyboard in Resources */,
				168ABDC019C6E2990076E103 /* TaskListTableViewCell.xib in Resources */,
				168ABDA119C6C98C0076E103 /* Images.xcassets in Resources */,
				16C4A5CB1A05D952007DF790 /* ToDoEditorCompletionDateTableViewCell.xib in Resources */,
				1653B61319FCCACD00B85E4F /* ToDoEditorProgressTableViewCell.xib in Resources */,
				1653B62519FD0CCF00B85E4F /* CommonViewControllers.storyboard in Resources */,
				1653B62619FD0CCF00B85E4F /* CommonViews.xib in Resources */,
				1653B62819FD285B00B85E4F /* CommonDatePickerViewController.xib in Resources */,
			);
			runOnlyForDeploymentPostprocessing = 0;
		};
		168ABDA419C6C98C0076E103 /* Resources */ = {
			isa = PBXResourcesBuildPhase;
			buildActionMask = 2147483647;
			files = (
			);
			runOnlyForDeploymentPostprocessing = 0;
		};
/* End PBXResourcesBuildPhase section */

/* Begin PBXSourcesBuildPhase section */
		168ABD8D19C6C98C0076E103 /* Sources */ = {
			isa = PBXSourcesBuildPhase;
			buildActionMask = 2147483647;
			files = (
				1653B62219FD0C8600B85E4F /* CommonTextViewController.swift in Sources */,
				16C4A5CD1A05DF0D007DF790 /* ToDoEditorDateBaseTableViewCell.swift in Sources */,
				168ABDB819C6CC4F0076E103 /* TaskListTableViewController.swift in Sources */,
				16C4A5CA1A05D952007DF790 /* ToDoEditorCompletionDateTableViewCell.swift in Sources */,
				168ABDBA19C6CC7A0076E103 /* ListOfTaskListsTableViewController.swift in Sources */,
				16B127E219E8CA7F008205C6 /* TaskListTableViewCell.swift in Sources */,
				1653B62019FD0A4800B85E4F /* CommonDatePickerViewController.swift in Sources */,
				168ABDBC19C6CD300076E103 /* ToDoEditorViewController.swift in Sources */,
				16ABCB4419FCBD9900394B17 /* ToDoEditorBaseTableViewCell.swift in Sources */,
				16ABCB4519FCBD9900394B17 /* ToDoEditorProgressTableViewCell.swift in Sources */,
				16ABCB4719FCBD9900394B17 /* ToDoEditorTitleTableViewCell.swift in Sources */,
				1653B61619FCCDAC00B85E4F /* ToDoEditorDueDateTableViewCell.swift in Sources */,
				16ABCA8119F546D700394B17 /* TaskStoreService.swift in Sources */,
				16ABCA8719F699CD00394B17 /* StubTaskStoreService.swift in Sources */,
				16ABCA8519F6828700394B17 /* ToDoTaskEntity.swift in Sources */,
				1653B61E19FD09A100B85E4F /* CommonsContainerViewController.swift in Sources */,
				168ABD9719C6C98C0076E103 /* AppDelegate.swift in Sources */,
				16ABCA8919FC811600394B17 /* ToDoEditorV1ViewController.swift in Sources */,
				168ABD9A19C6C98C0076E103 /* SmartToDo.xcdatamodeld in Sources */,
			);
			runOnlyForDeploymentPostprocessing = 0;
		};
		168ABDA219C6C98C0076E103 /* Sources */ = {
			isa = PBXSourcesBuildPhase;
			buildActionMask = 2147483647;
			files = (
				168ABDAD19C6C98C0076E103 /* SmartToDoTests.swift in Sources */,
			);
			runOnlyForDeploymentPostprocessing = 0;
		};
/* End PBXSourcesBuildPhase section */

/* Begin PBXTargetDependency section */
		168ABDA819C6C98C0076E103 /* PBXTargetDependency */ = {
			isa = PBXTargetDependency;
			target = 168ABD9019C6C98C0076E103 /* SmartToDo */;
			targetProxy = 168ABDA719C6C98C0076E103 /* PBXContainerItemProxy */;
		};
/* End PBXTargetDependency section */

/* Begin PBXVariantGroup section */
		168ABD9D19C6C98C0076E103 /* Main.storyboard */ = {
			isa = PBXVariantGroup;
			children = (
				168ABD9E19C6C98C0076E103 /* Base */,
			);
			name = Main.storyboard;
			sourceTree = "<group>";
		};
/* End PBXVariantGroup section */

/* Begin XCBuildConfiguration section */
		168ABDAE19C6C98C0076E103 /* Debug */ = {
			isa = XCBuildConfiguration;
			buildSettings = {
				ALWAYS_SEARCH_USER_PATHS = NO;
				CLANG_CXX_LANGUAGE_STANDARD = "gnu++0x";
				CLANG_CXX_LIBRARY = "libc++";
				CLANG_ENABLE_MODULES = YES;
				CLANG_ENABLE_OBJC_ARC = YES;
				CLANG_WARN_BOOL_CONVERSION = YES;
				CLANG_WARN_CONSTANT_CONVERSION = YES;
				CLANG_WARN_DIRECT_OBJC_ISA_USAGE = YES_ERROR;
				CLANG_WARN_EMPTY_BODY = YES;
				CLANG_WARN_ENUM_CONVERSION = YES;
				CLANG_WARN_INT_CONVERSION = YES;
				CLANG_WARN_OBJC_ROOT_CLASS = YES_ERROR;
				CLANG_WARN_UNREACHABLE_CODE = YES;
				CLANG_WARN__DUPLICATE_METHOD_MATCH = YES;
				"CODE_SIGN_IDENTITY[sdk=iphoneos*]" = "iPhone Developer";
				COPY_PHASE_STRIP = NO;
				ENABLE_STRICT_OBJC_MSGSEND = YES;
				GCC_C_LANGUAGE_STANDARD = gnu99;
				GCC_DYNAMIC_NO_PIC = NO;
				GCC_OPTIMIZATION_LEVEL = 0;
				GCC_PREPROCESSOR_DEFINITIONS = (
					"DEBUG=1",
					"$(inherited)",
				);
				GCC_SYMBOLS_PRIVATE_EXTERN = NO;
				GCC_WARN_64_TO_32_BIT_CONVERSION = YES;
				GCC_WARN_ABOUT_RETURN_TYPE = YES_ERROR;
				GCC_WARN_UNDECLARED_SELECTOR = YES;
				GCC_WARN_UNINITIALIZED_AUTOS = YES_AGGRESSIVE;
				GCC_WARN_UNUSED_FUNCTION = YES;
				GCC_WARN_UNUSED_VARIABLE = YES;
				IPHONEOS_DEPLOYMENT_TARGET = 8.0;
				MTL_ENABLE_DEBUG_INFO = YES;
				ONLY_ACTIVE_ARCH = YES;
				SDKROOT = iphoneos;
				SWIFT_OPTIMIZATION_LEVEL = "-Onone";
			};
			name = Debug;
		};
		168ABDAF19C6C98C0076E103 /* Release */ = {
			isa = XCBuildConfiguration;
			buildSettings = {
				ALWAYS_SEARCH_USER_PATHS = NO;
				CLANG_CXX_LANGUAGE_STANDARD = "gnu++0x";
				CLANG_CXX_LIBRARY = "libc++";
				CLANG_ENABLE_MODULES = YES;
				CLANG_ENABLE_OBJC_ARC = YES;
				CLANG_WARN_BOOL_CONVERSION = YES;
				CLANG_WARN_CONSTANT_CONVERSION = YES;
				CLANG_WARN_DIRECT_OBJC_ISA_USAGE = YES_ERROR;
				CLANG_WARN_EMPTY_BODY = YES;
				CLANG_WARN_ENUM_CONVERSION = YES;
				CLANG_WARN_INT_CONVERSION = YES;
				CLANG_WARN_OBJC_ROOT_CLASS = YES_ERROR;
				CLANG_WARN_UNREACHABLE_CODE = YES;
				CLANG_WARN__DUPLICATE_METHOD_MATCH = YES;
				"CODE_SIGN_IDENTITY[sdk=iphoneos*]" = "iPhone Developer";
				COPY_PHASE_STRIP = YES;
				ENABLE_NS_ASSERTIONS = NO;
				ENABLE_STRICT_OBJC_MSGSEND = YES;
				GCC_C_LANGUAGE_STANDARD = gnu99;
				GCC_WARN_64_TO_32_BIT_CONVERSION = YES;
				GCC_WARN_ABOUT_RETURN_TYPE = YES_ERROR;
				GCC_WARN_UNDECLARED_SELECTOR = YES;
				GCC_WARN_UNINITIALIZED_AUTOS = YES_AGGRESSIVE;
				GCC_WARN_UNUSED_FUNCTION = YES;
				GCC_WARN_UNUSED_VARIABLE = YES;
				IPHONEOS_DEPLOYMENT_TARGET = 8.0;
				MTL_ENABLE_DEBUG_INFO = NO;
				SDKROOT = iphoneos;
				VALIDATE_PRODUCT = YES;
			};
			name = Release;
		};
		168ABDB119C6C98C0076E103 /* Debug */ = {
			isa = XCBuildConfiguration;
			buildSettings = {
				ASSETCATALOG_COMPILER_APPICON_NAME = AppIcon;
				ASSETCATALOG_COMPILER_LAUNCHIMAGE_NAME = LaunchImage;
				INFOPLIST_FILE = SmartToDo/Info.plist;
				LD_RUNPATH_SEARCH_PATHS = "$(inherited) @executable_path/Frameworks";
				PRODUCT_NAME = "$(TARGET_NAME)";
			};
			name = Debug;
		};
		168ABDB219C6C98C0076E103 /* Release */ = {
			isa = XCBuildConfiguration;
			buildSettings = {
				ASSETCATALOG_COMPILER_APPICON_NAME = AppIcon;
				ASSETCATALOG_COMPILER_LAUNCHIMAGE_NAME = LaunchImage;
				INFOPLIST_FILE = SmartToDo/Info.plist;
				LD_RUNPATH_SEARCH_PATHS = "$(inherited) @executable_path/Frameworks";
				PRODUCT_NAME = "$(TARGET_NAME)";
			};
			name = Release;
		};
		168ABDB419C6C98C0076E103 /* Debug */ = {
			isa = XCBuildConfiguration;
			buildSettings = {
				BUNDLE_LOADER = "$(TEST_HOST)";
				FRAMEWORK_SEARCH_PATHS = (
					"$(SDKROOT)/Developer/Library/Frameworks",
					"$(inherited)",
				);
				GCC_PREPROCESSOR_DEFINITIONS = (
					"DEBUG=1",
					"$(inherited)",
				);
				INFOPLIST_FILE = SmartToDoTests/Info.plist;
				LD_RUNPATH_SEARCH_PATHS = "$(inherited) @executable_path/Frameworks @loader_path/Frameworks";
				PRODUCT_NAME = "$(TARGET_NAME)";
				TEST_HOST = "$(BUILT_PRODUCTS_DIR)/SmartToDo.app/SmartToDo";
			};
			name = Debug;
		};
		168ABDB519C6C98C0076E103 /* Release */ = {
			isa = XCBuildConfiguration;
			buildSettings = {
				BUNDLE_LOADER = "$(TEST_HOST)";
				FRAMEWORK_SEARCH_PATHS = (
					"$(SDKROOT)/Developer/Library/Frameworks",
					"$(inherited)",
				);
				INFOPLIST_FILE = SmartToDoTests/Info.plist;
				LD_RUNPATH_SEARCH_PATHS = "$(inherited) @executable_path/Frameworks @loader_path/Frameworks";
				PRODUCT_NAME = "$(TARGET_NAME)";
				TEST_HOST = "$(BUILT_PRODUCTS_DIR)/SmartToDo.app/SmartToDo";
			};
			name = Release;
		};
/* End XCBuildConfiguration section */

/* Begin XCConfigurationList section */
		168ABD8C19C6C98C0076E103 /* Build configuration list for PBXProject "SmartToDo" */ = {
			isa = XCConfigurationList;
			buildConfigurations = (
				168ABDAE19C6C98C0076E103 /* Debug */,
				168ABDAF19C6C98C0076E103 /* Release */,
			);
			defaultConfigurationIsVisible = 0;
			defaultConfigurationName = Release;
		};
		168ABDB019C6C98C0076E103 /* Build configuration list for PBXNativeTarget "SmartToDo" */ = {
			isa = XCConfigurationList;
			buildConfigurations = (
				168ABDB119C6C98C0076E103 /* Debug */,
				168ABDB219C6C98C0076E103 /* Release */,
			);
			defaultConfigurationIsVisible = 0;
			defaultConfigurationName = Release;
		};
		168ABDB319C6C98C0076E103 /* Build configuration list for PBXNativeTarget "SmartToDoTests" */ = {
			isa = XCConfigurationList;
			buildConfigurations = (
				168ABDB419C6C98C0076E103 /* Debug */,
				168ABDB519C6C98C0076E103 /* Release */,
			);
			defaultConfigurationIsVisible = 0;
			defaultConfigurationName = Release;
		};
/* End XCConfigurationList section */

/* Begin XCVersionGroup section */
		168ABD9819C6C98C0076E103 /* SmartToDo.xcdatamodeld */ = {
			isa = XCVersionGroup;
			children = (
				168ABD9919C6C98C0076E103 /* SmartToDo.xcdatamodel */,
			);
			currentVersion = 168ABD9919C6C98C0076E103 /* SmartToDo.xcdatamodel */;
			path = SmartToDo.xcdatamodeld;
			sourceTree = "<group>";
			versionGroupType = wrapper.xcdatamodel;
		};
/* End XCVersionGroup section */
	};
	rootObject = 168ABD8919C6C98C0076E103 /* Project object */;
}
